
Microsoft Visual Studio Solution File, Format Version 12.00
# Visual Studio Version 16
VisualStudioVersion = 16.0.30114.105
MinimumVisualStudioVersion = 10.0.40219.1
Project("{FAE04EC0-301F-11D3-BF4B-00C04F79EFBC}") = "LastSR", "LastSR\LastSR.csproj", "{D84CFE2E-37A0-461B-A5F1-64B3B733D6A5}"
EndProject
Global
	GlobalSection(SolutionConfigurationPlatforms) = preSolution
		Debug|Any CPU = Debug|Any CPU
		Release|Any CPU = Release|Any CPU
	EndGlobalSection
	GlobalSection(ProjectConfigurationPlatforms) = postSolution
		{D84CFE2E-37A0-461B-A5F1-64B3B733D6A5}.Debug|Any CPU.ActiveCfg = Debug|Any CPU
		{D84CFE2E-37A0-461B-A5F1-64B3B733D6A5}.Debug|Any CPU.Build.0 = Debug|Any CPU
		{D84CFE2E-37A0-461B-A5F1-64B3B733D6A5}.Release|Any CPU.ActiveCfg = Release|Any CPU
		{D84CFE2E-37A0-461B-A5F1-64B3B733D6A5}.Release|Any CPU.Build.0 = Release|Any CPU
	EndGlobalSection
	GlobalSection(SolutionProperties) = preSolution
		HideSolutionNode = FALSE
	EndGlobalSection
	GlobalSection(ExtensibilityGlobals) = postSolution
		SolutionGuid = {4EB9A1A7-83DE-4A47-AA53-A9A8BC23ED72}
	EndGlobalSection
EndGlobal
